{
  "name": "virtual-office",
  "version": "1.0.0",
  "lockfileVersion": 1,
  "requires": true,
  "dependencies": {
    "rectangles": {
      "version": "0.0.4",
      "resolved": "https://registry.npmjs.org/rectangles/-/rectangles-0.0.4.tgz",
      "integrity": "sha512-Z6yTbV/ce1VAT3aMcHzhEBaFy5y5nzIJgMR2+aBtrsAcyS1erXPEivo2psQ3J/UCjLSBbkj8WwNK1nxyZSZc8g=="
    }
  }
}
